{
  "nodes": {
    "flong": {
      "inputs": {
        "nixpkgs": [
          "nixpkgs"
        ]
      },
      "locked": {
        "lastModified": 1789751845,
        "narHash": "sha256-sVhUUvhlAaXHpe8hlVWVttfIC3q9qELykFoDD/40Qa0=",
        "owner": "danielbodart",
        "repo": "flong",
        "rev": "78092d41e7d7c5175cf9cafd42a3300e929ac373",
        "type": "github"
      },
      "original": {
        "owner": "danielbodart",
        "repo": "flong",
        "type": "github"
      }
    },
    "nixpkgs": {
      "locked": {
        "lastModified": 1789546076,
        "narHash": "sha256-zVxLZiSnmaaPLwnhj7pwmqe3axBg/C6nG5JZsJMh2g4=",
        "owner": "NixOS",
        "repo": "nixpkgs",
        "rev": "b1b875982b17dabde9b4a37f3e229e74913e6db3",
        "type": "github"
      },
      "original": {
        "owner": "NixOS",
        "ref": "nixos-unstable",
        "repo": "nixpkgs",
        "type": "github"
      }
    },
    "root": {
      "inputs": {
        "flong": "flong",
        "nixpkgs": "nixpkgs"
      }
    }
  },
  "root": "root",
  "version": 7
}
