{
  "nodes": {
    "flong": {
      "inputs": {
        "nixpkgs": [
          "nixpkgs"
        ]
      },
      "locked": {
        "lastModified": 1790274076,
        "narHash": "sha256-bgJzwfN74G8QklxTCl22AumQIqxoq3AvVbN5IUIGHaw=",
        "owner": "danielbodart",
        "repo": "flong",
        "rev": "e8dfb9201ad9e2225808b3c73e38aa4d5aadc6e6",
        "type": "github"
      },
      "original": {
        "owner": "danielbodart",
        "repo": "flong",
        "type": "github"
      }
    },
    "nixpkgs": {
      "locked": {
        "lastModified": 1789546076,
        "narHash": "sha256-zVxLZiSnmaaPLwnhj7pwmqe3axBg/C6nG5JZsJMh2g4=",
        "owner": "NixOS",
        "repo": "nixpkgs",
        "rev": "b1b875982b17dabde9b4a37f3e229e74913e6db3",
        "type": "github"
      },
      "original": {
        "owner": "NixOS",
        "ref": "nixos-unstable",
        "repo": "nixpkgs",
        "type": "github"
      }
    },
    "root": {
      "inputs": {
        "flong": "flong",
        "nixpkgs": "nixpkgs"
      }
    }
  },
  "root": "root",
  "version": 7
}
