{
  "nodes": {
    "flong": {
      "inputs": {
        "nixpkgs": [
          "nixpkgs"
        ]
      },
      "locked": {
        "lastModified": 1790009767,
        "narHash": "sha256-EVW4zskoIv4sa4FOl9r1JyP1ROXXNDbKpO/bbONoOJA=",
        "owner": "danielbodart",
        "repo": "flong",
        "rev": "ffbb78f049fa316b9bf98976bcde55ac9c72894e",
        "type": "github"
      },
      "original": {
        "owner": "danielbodart",
        "repo": "flong",
        "type": "github"
      }
    },
    "nixpkgs": {
      "locked": {
        "lastModified": 1789546076,
        "narHash": "sha256-zVxLZiSnmaaPLwnhj7pwmqe3axBg/C6nG5JZsJMh2g4=",
        "owner": "NixOS",
        "repo": "nixpkgs",
        "rev": "b1b875982b17dabde9b4a37f3e229e74913e6db3",
        "type": "github"
      },
      "original": {
        "owner": "NixOS",
        "ref": "nixos-unstable",
        "repo": "nixpkgs",
        "type": "github"
      }
    },
    "root": {
      "inputs": {
        "flong": "flong",
        "nixpkgs": "nixpkgs"
      }
    }
  },
  "root": "root",
  "version": 7
}
